# This file is automatically @generated by Cargo.
# It is not intended for manual editing.
version = 4

[[package]]
name = "margin"
version = "0.0.1"
dependencies = [
 "margin-core",
 "margin-tui",
 "margin-vcs",
]

[[package]]
name = "margin-core"
version = "0.0.1"

[[package]]
name = "margin-tui"
version = "0.0.1"
dependencies = [
 "margin-core",
]

[[package]]
name = "margin-vcs"
version = "0.0.1"
dependencies = [
 "margin-core",
]
